
Microsoft Visual Studio Solution File, Format Version 12.00
# Visual Studio Version 16
VisualStudioVersion = 16.0.30517.126
MinimumVisualStudioVersion = 10.0.40219.1
Project("{FAE04EC0-301F-11D3-BF4B-00C04F79EFBC}") = "PizzaKulesi", "PizzaKulesi\PizzaKulesi.csproj", "{CDF8AB58-5566-43C3-8282-6971DD2C0353}"
EndProject
Global
	GlobalSection(SolutionConfigurationPlatforms) = preSolution
		Debug|Any CPU = Debug|Any CPU
		Release|Any CPU = Release|Any CPU
	EndGlobalSection
	GlobalSection(ProjectConfigurationPlatforms) = postSolution
		{CDF8AB58-5566-43C3-8282-6971DD2C0353}.Debug|Any CPU.ActiveCfg = Debug|Any CPU
		{CDF8AB58-5566-43C3-8282-6971DD2C0353}.Debug|Any CPU.Build.0 = Debug|Any CPU
		{CDF8AB58-5566-43C3-8282-6971DD2C0353}.Release|Any CPU.ActiveCfg = Release|Any CPU
		{CDF8AB58-5566-43C3-8282-6971DD2C0353}.Release|Any CPU.Build.0 = Release|Any CPU
	EndGlobalSection
	GlobalSection(SolutionProperties) = preSolution
		HideSolutionNode = FALSE
	EndGlobalSection
	GlobalSection(ExtensibilityGlobals) = postSolution
		SolutionGuid = {9B8A18CF-D7B3-4D9E-8BCC-268F184785AA}
	EndGlobalSection
EndGlobal
